
Microsoft Visual Studio Solution File, Format Version 12.00
Project("{FAE04EC0-301F-11D3-BF4B-00C04F79EFBC}") = "TaktTusur.Media.Api", "TaktTusur.Media.Api\TaktTusur.Media.Api.csproj", "{65053BA7-11DB-4514-BF4C-CEF6AA3EA4C2}"
EndProject
Project("{FAE04EC0-301F-11D3-BF4B-00C04F79EFBC}") = "TaktTusur.Media.Domain", "TaktTusur.Media.Domain\TaktTusur.Media.Domain.csproj", "{B498B9E1-A1F5-4976-9324-51B4CA97CC65}"
EndProject
Project("{FAE04EC0-301F-11D3-BF4B-00C04F79EFBC}") = "TaktTusur.Media.Domain.Tests", "TaktTusur.Media.Domain.Tests\TaktTusur.Media.Domain.Tests.csproj", "{83847824-EDE8-48E0-9318-112119F8B217}"
EndProject
Project("{FAE04EC0-301F-11D3-BF4B-00C04F79EFBC}") = "TaktTusur.Media.Infrastructure", "TaktTusur.Media.Infrastructure\TaktTusur.Media.Infrastructure.csproj", "{A28E07D4-8498-4A6C-A6C5-3FA81783EA67}"
EndProject
Project("{FAE04EC0-301F-11D3-BF4B-00C04F79EFBC}") = "TaktTusur.Media.Clients.VkApi", "TaktTusur.Media.Clients.VkApi\TaktTusur.Media.Clients.VkApi.csproj", "{A749A7C1-D5F0-4A7C-AF89-132877651CED}"
EndProject
Project("{FAE04EC0-301F-11D3-BF4B-00C04F79EFBC}") = "TaktTusur.Media.Clients.VkApi.Tests", "TaktTusur.Media.Clients.VkApi.Tests\TaktTusur.Media.Clients.VkApi.Tests.csproj", "{2018E6C0-542D-4E44-9D70-3AA7BABADAEF}"
EndProject
Global
	GlobalSection(SolutionConfigurationPlatforms) = preSolution
		Debug|Any CPU = Debug|Any CPU
		Release|Any CPU = Release|Any CPU
	EndGlobalSection
	GlobalSection(ProjectConfigurationPlatforms) = postSolution
		{65053BA7-11DB-4514-BF4C-CEF6AA3EA4C2}.Debug|Any CPU.ActiveCfg = Debug|Any CPU
		{65053BA7-11DB-4514-BF4C-CEF6AA3EA4C2}.Debug|Any CPU.Build.0 = Debug|Any CPU
		{65053BA7-11DB-4514-BF4C-CEF6AA3EA4C2}.Release|Any CPU.ActiveCfg = Release|Any CPU
		{65053BA7-11DB-4514-BF4C-CEF6AA3EA4C2}.Release|Any CPU.Build.0 = Release|Any CPU
		{B498B9E1-A1F5-4976-9324-51B4CA97CC65}.Debug|Any CPU.ActiveCfg = Debug|Any CPU
		{B498B9E1-A1F5-4976-9324-51B4CA97CC65}.Debug|Any CPU.Build.0 = Debug|Any CPU
		{B498B9E1-A1F5-4976-9324-51B4CA97CC65}.Release|Any CPU.ActiveCfg = Release|Any CPU
		{B498B9E1-A1F5-4976-9324-51B4CA97CC65}.Release|Any CPU.Build.0 = Release|Any CPU
		{83847824-EDE8-48E0-9318-112119F8B217}.Debug|Any CPU.ActiveCfg = Debug|Any CPU
		{83847824-EDE8-48E0-9318-112119F8B217}.Debug|Any CPU.Build.0 = Debug|Any CPU
		{83847824-EDE8-48E0-9318-112119F8B217}.Release|Any CPU.ActiveCfg = Release|Any CPU
		{83847824-EDE8-48E0-9318-112119F8B217}.Release|Any CPU.Build.0 = Release|Any CPU
		{A28E07D4-8498-4A6C-A6C5-3FA81783EA67}.Debug|Any CPU.ActiveCfg = Debug|Any CPU
		{A28E07D4-8498-4A6C-A6C5-3FA81783EA67}.Debug|Any CPU.Build.0 = Debug|Any CPU
		{A28E07D4-8498-4A6C-A6C5-3FA81783EA67}.Release|Any CPU.ActiveCfg = Release|Any CPU
		{A28E07D4-8498-4A6C-A6C5-3FA81783EA67}.Release|Any CPU.Build.0 = Release|Any CPU
		{A749A7C1-D5F0-4A7C-AF89-132877651CED}.Debug|Any CPU.ActiveCfg = Debug|Any CPU
		{A749A7C1-D5F0-4A7C-AF89-132877651CED}.Debug|Any CPU.Build.0 = Debug|Any CPU
		{A749A7C1-D5F0-4A7C-AF89-132877651CED}.Release|Any CPU.ActiveCfg = Release|Any CPU
		{A749A7C1-D5F0-4A7C-AF89-132877651CED}.Release|Any CPU.Build.0 = Release|Any CPU
		{2018E6C0-542D-4E44-9D70-3AA7BABADAEF}.Debug|Any CPU.ActiveCfg = Debug|Any CPU
		{2018E6C0-542D-4E44-9D70-3AA7BABADAEF}.Debug|Any CPU.Build.0 = Debug|Any CPU
		{2018E6C0-542D-4E44-9D70-3AA7BABADAEF}.Release|Any CPU.ActiveCfg = Release|Any CPU
		{2018E6C0-542D-4E44-9D70-3AA7BABADAEF}.Release|Any CPU.Build.0 = Release|Any CPU
	EndGlobalSection
EndGlobal
